
Microsoft Visual Studio Solution File, Format Version 12.00
# Visual Studio Version 16
VisualStudioVersion = 16.0.31410.357
MinimumVisualStudioVersion = 10.0.40219.1
Project("{FAE04EC0-301F-11D3-BF4B-00C04F79EFBC}") = "YT.COM", "YT.COM\YT.COM.csproj", "{1E6449A1-6BB2-4FCC-ABF3-6A4D6B202F5C}"
EndProject
Project("{FAE04EC0-301F-11D3-BF4B-00C04F79EFBC}") = "YT.WallVerticalRebar", "YT.WallVerticalRebar\YT.WallVerticalRebar.csproj", "{D0FDC5FC-30A7-4C88-A83F-5C6341A3F85E}"
EndProject
Project("{FAE04EC0-301F-11D3-BF4B-00C04F79EFBC}") = "TEST", "TEST\TEST.csproj", "{F06D19FC-7FFE-4DE5-B4E5-C513BE904E86}"
EndProject
Project("{FAE04EC0-301F-11D3-BF4B-00C04F79EFBC}") = "YT.AutoCoupler", "YT.AutoCoupler\YT.AutoCoupler.csproj", "{4B2CFE7C-8EC6-4BAA-B9BF-43B81332E74B}"
EndProject
Project("{FAE04EC0-301F-11D3-BF4B-00C04F79EFBC}") = "YT.AutoCoupler.Multiple", "YT.AutoCoupler.Multiple\YT.AutoCoupler.Multiple.csproj", "{8B5879A6-24FF-4CEB-A4D9-B304F62A5D98}"
EndProject
Project("{FAE04EC0-301F-11D3-BF4B-00C04F79EFBC}") = "YT.WallVerticalRebar.Multiple", "YT.WallVerticalRebar.Multiple\YT.WallVerticalRebar.Multiple.csproj", "{CCCF04C9-D672-4F22-8C3F-ED758F55183C}"
EndProject
Project("{FAE04EC0-301F-11D3-BF4B-00C04F79EFBC}") = "YT.WallVerticalRebar.DM", "YT.WallVerticalRebar.DM\YT.WallVerticalRebar.DM.csproj", "{7E994809-E972-42EF-A230-0022A43B7B47}"
EndProject
Project("{FAE04EC0-301F-11D3-BF4B-00C04F79EFBC}") = "YT.Slab", "YT.Slab\YT.Slab.csproj", "{E6BA1A4B-72CA-4ADC-8497-8B08C20BD43D}"
EndProject
Project("{2150E333-8FDC-42A3-9474-1A3956D46DE8}") = "0. Common", "0. Common", "{CCF2A2BC-8F7F-4016-94A8-223A12D28C7E}"
EndProject
Project("{2150E333-8FDC-42A3-9474-1A3956D46DE8}") = "1. WinForm", "1. WinForm", "{0B209052-11A5-4216-A34C-FB7138ECBDDF}"
EndProject
Project("{2150E333-8FDC-42A3-9474-1A3956D46DE8}") = "2. PlugIn", "2. PlugIn", "{FEFC0ABD-3337-467F-8455-5EA8DD59D6EF}"
EndProject
Project("{2150E333-8FDC-42A3-9474-1A3956D46DE8}") = "9. Test", "9. Test", "{D1188D0D-5263-47B2-A660-34F4EE400A06}"
EndProject
Project("{2150E333-8FDC-42A3-9474-1A3956D46DE8}") = "EJU", "EJU", "{99D01636-D4F3-4498-8179-66FA91FA5AB4}"
EndProject
Project("{2150E333-8FDC-42A3-9474-1A3956D46DE8}") = "CHS", "CHS", "{67F1E377-9D6D-4237-99BA-74BA7DE2DC83}"
EndProject
Project("{FAE04EC0-301F-11D3-BF4B-00C04F79EFBC}") = "TEST.EJU", "TEST.EJU\TEST.EJU.csproj", "{EA793B70-9BBE-48B5-9926-F32877DC963D}"
EndProject
Global
	GlobalSection(SolutionConfigurationPlatforms) = preSolution
		Debug|Any CPU = Debug|Any CPU
		Release|Any CPU = Release|Any CPU
	EndGlobalSection
	GlobalSection(ProjectConfigurationPlatforms) = postSolution
		{1E6449A1-6BB2-4FCC-ABF3-6A4D6B202F5C}.Debug|Any CPU.ActiveCfg = Debug|Any CPU
		{1E6449A1-6BB2-4FCC-ABF3-6A4D6B202F5C}.Release|Any CPU.ActiveCfg = Release|Any CPU
		{1E6449A1-6BB2-4FCC-ABF3-6A4D6B202F5C}.Release|Any CPU.Build.0 = Release|Any CPU
		{D0FDC5FC-30A7-4C88-A83F-5C6341A3F85E}.Debug|Any CPU.ActiveCfg = Debug|Any CPU
		{D0FDC5FC-30A7-4C88-A83F-5C6341A3F85E}.Debug|Any CPU.Build.0 = Debug|Any CPU
		{D0FDC5FC-30A7-4C88-A83F-5C6341A3F85E}.Release|Any CPU.ActiveCfg = Release|Any CPU
		{D0FDC5FC-30A7-4C88-A83F-5C6341A3F85E}.Release|Any CPU.Build.0 = Release|Any CPU
		{F06D19FC-7FFE-4DE5-B4E5-C513BE904E86}.Debug|Any CPU.ActiveCfg = Debug|Any CPU
		{F06D19FC-7FFE-4DE5-B4E5-C513BE904E86}.Release|Any CPU.ActiveCfg = Release|Any CPU
		{F06D19FC-7FFE-4DE5-B4E5-C513BE904E86}.Release|Any CPU.Build.0 = Release|Any CPU
		{4B2CFE7C-8EC6-4BAA-B9BF-43B81332E74B}.Debug|Any CPU.ActiveCfg = Debug|Any CPU
		{4B2CFE7C-8EC6-4BAA-B9BF-43B81332E74B}.Release|Any CPU.ActiveCfg = Release|Any CPU
		{4B2CFE7C-8EC6-4BAA-B9BF-43B81332E74B}.Release|Any CPU.Build.0 = Release|Any CPU
		{8B5879A6-24FF-4CEB-A4D9-B304F62A5D98}.Debug|Any CPU.ActiveCfg = Debug|Any CPU
		{8B5879A6-24FF-4CEB-A4D9-B304F62A5D98}.Release|Any CPU.ActiveCfg = Release|Any CPU
		{8B5879A6-24FF-4CEB-A4D9-B304F62A5D98}.Release|Any CPU.Build.0 = Release|Any CPU
		{CCCF04C9-D672-4F22-8C3F-ED758F55183C}.Debug|Any CPU.ActiveCfg = Debug|Any CPU
		{CCCF04C9-D672-4F22-8C3F-ED758F55183C}.Release|Any CPU.ActiveCfg = Release|Any CPU
		{CCCF04C9-D672-4F22-8C3F-ED758F55183C}.Release|Any CPU.Build.0 = Release|Any CPU
		{7E994809-E972-42EF-A230-0022A43B7B47}.Debug|Any CPU.ActiveCfg = Debug|Any CPU
		{7E994809-E972-42EF-A230-0022A43B7B47}.Release|Any CPU.ActiveCfg = Release|Any CPU
		{7E994809-E972-42EF-A230-0022A43B7B47}.Release|Any CPU.Build.0 = Release|Any CPU
		{E6BA1A4B-72CA-4ADC-8497-8B08C20BD43D}.Debug|Any CPU.ActiveCfg = Debug|Any CPU
		{E6BA1A4B-72CA-4ADC-8497-8B08C20BD43D}.Release|Any CPU.ActiveCfg = Release|Any CPU
		{E6BA1A4B-72CA-4ADC-8497-8B08C20BD43D}.Release|Any CPU.Build.0 = Release|Any CPU
		{EA793B70-9BBE-48B5-9926-F32877DC963D}.Debug|Any CPU.ActiveCfg = Debug|Any CPU
		{EA793B70-9BBE-48B5-9926-F32877DC963D}.Debug|Any CPU.Build.0 = Debug|Any CPU
		{EA793B70-9BBE-48B5-9926-F32877DC963D}.Release|Any CPU.ActiveCfg = Release|Any CPU
		{EA793B70-9BBE-48B5-9926-F32877DC963D}.Release|Any CPU.Build.0 = Release|Any CPU
	EndGlobalSection
	GlobalSection(SolutionProperties) = preSolution
		HideSolutionNode = FALSE
	EndGlobalSection
	GlobalSection(NestedProjects) = preSolution
		{1E6449A1-6BB2-4FCC-ABF3-6A4D6B202F5C} = {CCF2A2BC-8F7F-4016-94A8-223A12D28C7E}
		{D0FDC5FC-30A7-4C88-A83F-5C6341A3F85E} = {FEFC0ABD-3337-467F-8455-5EA8DD59D6EF}
		{F06D19FC-7FFE-4DE5-B4E5-C513BE904E86} = {67F1E377-9D6D-4237-99BA-74BA7DE2DC83}
		{4B2CFE7C-8EC6-4BAA-B9BF-43B81332E74B} = {FEFC0ABD-3337-467F-8455-5EA8DD59D6EF}
		{8B5879A6-24FF-4CEB-A4D9-B304F62A5D98} = {FEFC0ABD-3337-467F-8455-5EA8DD59D6EF}
		{CCCF04C9-D672-4F22-8C3F-ED758F55183C} = {FEFC0ABD-3337-467F-8455-5EA8DD59D6EF}
		{7E994809-E972-42EF-A230-0022A43B7B47} = {FEFC0ABD-3337-467F-8455-5EA8DD59D6EF}
		{E6BA1A4B-72CA-4ADC-8497-8B08C20BD43D} = {FEFC0ABD-3337-467F-8455-5EA8DD59D6EF}
		{99D01636-D4F3-4498-8179-66FA91FA5AB4} = {D1188D0D-5263-47B2-A660-34F4EE400A06}
		{67F1E377-9D6D-4237-99BA-74BA7DE2DC83} = {D1188D0D-5263-47B2-A660-34F4EE400A06}
		{EA793B70-9BBE-48B5-9926-F32877DC963D} = {99D01636-D4F3-4498-8179-66FA91FA5AB4}
	EndGlobalSection
	GlobalSection(ExtensibilityGlobals) = postSolution
		SolutionGuid = {5207D8C8-26B8-4167-8013-C21AA7577C5A}
	EndGlobalSection
EndGlobal
